PODS:
  - Flutter (1.0.0)
  - flutter_ai_face (0.0.1):
    - Flutter

DEPENDENCIES:
  - Flutter (from `Flutter`)
  - flutter_ai_face (from `.symlinks/plugins/flutter_ai_face/ios`)

EXTERNAL SOURCES:
  Flutter:
    :path: Flutter
  flutter_ai_face:
    :path: ".symlinks/plugins/flutter_ai_face/ios"

SPEC CHECKSUMS:
  Flutter: 0e3d915762c693b495b44d77113d4970485de6ec
  flutter_ai_face: 21d00f54d71caa4009d2f0f07fe4fe238eeebd8a

PODFILE CHECKSUM: f32fb4e7c14f8b3ca19a369d7be425dd9241af27

COCOAPODS: 1.9.2
